// !$*UTF8*$!
{
	archiveVersion = 1;
	classes = {
	};
	objectVersion = 46;
	objects = {

/* Begin PBXBuildFile section */
		26A632C2A96FF4E98D48527E /* libPods.a in Frameworks */ = {isa = PBXBuildFile; fileRef = 6C4165E1CBB319EEE2A7A168 /* libPods.a */; };
		AA06F89E1B38F1F2000FECF5 /* DetailTableViewController.m in Sources */ = {isa = PBXBuildFile; fileRef = AA06F89D1B38F1F2000FECF5 /* DetailTableViewController.m */; };
		AA2971281B2E78EB00D4FDF9 /* main.m in Sources */ = {isa = PBXBuildFile; fileRef = AA2971271B2E78EB00D4FDF9 /* main.m */; };
		AA29712B1B2E78EB00D4FDF9 /* AppDelegate.m in Sources */ = {isa = PBXBuildFile; fileRef = AA29712A1B2E78EB00D4FDF9 /* AppDelegate.m */; };
		AA29712E1B2E78EC00D4FDF9 /* FirstViewController.m in Sources */ = {isa = PBXBuildFile; fileRef = AA29712D1B2E78EC00D4FDF9 /* FirstViewController.m */; };
		AA2971311B2E78EC00D4FDF9 /* SecondViewController.m in Sources */ = {isa = PBXBuildFile; fileRef = AA2971301B2E78EC00D4FDF9 /* SecondViewController.m */; };
		AA2971361B2E78EC00D4FDF9 /* Images.xcassets in Resources */ = {isa = PBXBuildFile; fileRef = AA2971351B2E78EC00D4FDF9 /* Images.xcassets */; };
		AA2971451B2E78EC00D4FDF9 /* Swat_AppTests.m in Sources */ = {isa = PBXBuildFile; fileRef = AA2971441B2E78EC00D4FDF9 /* Swat_AppTests.m */; };
		AA4149961B5DFB1000866FFA /* MapViewController.m in Sources */ = {isa = PBXBuildFile; fileRef = AA4149951B5DFB1000866FFA /* MapViewController.m */; };
		AA4F25081B649A0300C4134C /* building.geojson in Resources */ = {isa = PBXBuildFile; fileRef = AA4F25071B649A0300C4134C /* building.geojson */; };
		AA5C9F821B535D2000928501 /* TransportationViewController.m in Sources */ = {isa = PBXBuildFile; fileRef = AA5C9F811B535D2000928501 /* TransportationViewController.m */; };
		AA5F2D471B7C322C00AFFA76 /* Info-50.png in Resources */ = {isa = PBXBuildFile; fileRef = AA5F2D461B7C322C00AFFA76 /* Info-50.png */; };
		AA5F2D491B7C327300AFFA76 /* Info-32.png in Resources */ = {isa = PBXBuildFile; fileRef = AA5F2D481B7C327300AFFA76 /* Info-32.png */; };
		AA5F2D4C1B7C359E00AFFA76 /* AboutViewController.m in Sources */ = {isa = PBXBuildFile; fileRef = AA5F2D4B1B7C359E00AFFA76 /* AboutViewController.m */; };
		AA6545A31B5C2467004FC7AD /* MenuViewController.m in Sources */ = {isa = PBXBuildFile; fileRef = AA6545A21B5C2467004FC7AD /* MenuViewController.m */; };
		AA871F981B8BACE900D2D16C /* iTunesArtwork.png in Resources */ = {isa = PBXBuildFile; fileRef = AA871F971B8BACE900D2D16C /* iTunesArtwork.png */; };
		AA871F9A1B8BC15900D2D16C /* LaunchScreen.storyboard in Resources */ = {isa = PBXBuildFile; fileRef = AA871F991B8BC15900D2D16C /* LaunchScreen.storyboard */; };
		AA90F1041B65DBE000F521F1 /* Train-50.png in Resources */ = {isa = PBXBuildFile; fileRef = AA90F1031B65DBE000F521F1 /* Train-50.png */; };
		AA90F1061B65E0A300F521F1 /* Calendar-50.png in Resources */ = {isa = PBXBuildFile; fileRef = AA90F1051B65E0A300F521F1 /* Calendar-50.png */; };
		AA90F1081B65E0AA00F521F1 /* High-Importance-50.png in Resources */ = {isa = PBXBuildFile; fileRef = AA90F1071B65E0AA00F521F1 /* High-Importance-50.png */; };
		AA90F10A1B65E0AF00F521F1 /* Clock-50.png in Resources */ = {isa = PBXBuildFile; fileRef = AA90F1091B65E0AF00F521F1 /* Clock-50.png */; };
		AA90F10C1B65E0B500F521F1 /* Restaurant-50.png in Resources */ = {isa = PBXBuildFile; fileRef = AA90F10B1B65E0B500F521F1 /* Restaurant-50.png */; };
		AAB46A131B8594E9006FCB01 /* path.geojson in Resources */ = {isa = PBXBuildFile; fileRef = AAB46A121B8594E9006FCB01 /* path.geojson */; };
		AAC7FCCC1B7AA5FD00CF3227 /* HoursTableViewController.m in Sources */ = {isa = PBXBuildFile; fileRef = AAC7FCCB1B7AA5FD00CF3227 /* HoursTableViewController.m */; };
		AAC7FCD01B7AEA3100CF3227 /* all-buildings.csv in Resources */ = {isa = PBXBuildFile; fileRef = AAC7FCCF1B7AEA3100CF3227 /* all-buildings.csv */; };
		AACA3FCC1B8BF6780024A150 /* Main.storyboard in Resources */ = {isa = PBXBuildFile; fileRef = AACA3FCB1B8BF6780024A150 /* Main.storyboard */; };
		AACFD2351B646E8000DDED74 /* Default-568h@2x.png in Resources */ = {isa = PBXBuildFile; fileRef = AACFD2341B646E8000DDED74 /* Default-568h@2x.png */; };
		AAD43E611B6E8E30004670B2 /* EmergencyViewController.m in Sources */ = {isa = PBXBuildFile; fileRef = AAD43E601B6E8E30004670B2 /* EmergencyViewController.m */; };
		AAD43E631B6EDC4A004670B2 /* Calendar-32.png in Resources */ = {isa = PBXBuildFile; fileRef = AAD43E621B6EDC4A004670B2 /* Calendar-32.png */; };
/* End PBXBuildFile section */

/* Begin PBXContainerItemProxy section */
		AA29713F1B2E78EC00D4FDF9 /* PBXContainerItemProxy */ = {
			isa = PBXContainerItemProxy;
			containerPortal = AA29711A1B2E78EA00D4FDF9 /* Project object */;
			proxyType = 1;
			remoteGlobalIDString = AA2971211B2E78EB00D4FDF9;
			remoteInfo = "Swat App";
		};
/* End PBXContainerItemProxy section */

/* Begin PBXFileReference section */
		257BDEDF80226F973B799FA2 /* Pods.debug.xcconfig */ = {isa = PBXFileReference; includeInIndex = 1; lastKnownFileType = text.xcconfig; name = Pods.debug.xcconfig; path = "Pods/Target Support Files/Pods/Pods.debug.xcconfig"; sourceTree = "<group>"; };
		6C4165E1CBB319EEE2A7A168 /* libPods.a */ = {isa = PBXFileReference; explicitFileType = archive.ar; includeInIndex = 0; path = libPods.a; sourceTree = BUILT_PRODUCTS_DIR; };
		70F3B3E436FF15CF785521E7 /* Pods.release.xcconfig */ = {isa = PBXFileReference; includeInIndex = 1; lastKnownFileType = text.xcconfig; name = Pods.release.xcconfig; path = "Pods/Target Support Files/Pods/Pods.release.xcconfig"; sourceTree = "<group>"; };
		AA06F89D1B38F1F2000FECF5 /* DetailTableViewController.m */ = {isa = PBXFileReference; fileEncoding = 4; lastKnownFileType = sourcecode.c.objc; path = DetailTableViewController.m; sourceTree = "<group>"; };
		AA06F89F1B38F202000FECF5 /* DetailTableViewController.h */ = {isa = PBXFileReference; lastKnownFileType = sourcecode.c.h; path = DetailTableViewController.h; sourceTree = "<group>"; };
		AA0D19C81B8C08EB0020607E /* PrefixHeader.pch */ = {isa = PBXFileReference; lastKnownFileType = sourcecode.c.h; path = PrefixHeader.pch; sourceTree = "<group>"; };
		AA2971221B2E78EB00D4FDF9 /* Swat Info.app */ = {isa = PBXFileReference; explicitFileType = wrapper.application; includeInIndex = 0; path = "Swat Info.app"; sourceTree = BUILT_PRODUCTS_DIR; };
		AA2971261B2E78EB00D4FDF9 /* Info.plist */ = {isa = PBXFileReference; lastKnownFileType = text.plist.xml; path = Info.plist; sourceTree = "<group>"; };
		AA2971271B2E78EB00D4FDF9 /* main.m */ = {isa = PBXFileReference; lastKnownFileType = sourcecode.c.objc; path = main.m; sourceTree = "<group>"; };
		AA2971291B2E78EB00D4FDF9 /* AppDelegate.h */ = {isa = PBXFileReference; lastKnownFileType = sourcecode.c.h; path = AppDelegate.h; sourceTree = "<group>"; };
		AA29712A1B2E78EB00D4FDF9 /* AppDelegate.m */ = {isa = PBXFileReference; lastKnownFileType = sourcecode.c.objc; path = AppDelegate.m; sourceTree = "<group>"; };
		AA29712C1B2E78EB00D4FDF9 /* FirstViewController.h */ = {isa = PBXFileReference; lastKnownFileType = sourcecode.c.h; path = FirstViewController.h; sourceTree = "<group>"; };
		AA29712D1B2E78EC00D4FDF9 /* FirstViewController.m */ = {isa = PBXFileReference; lastKnownFileType = sourcecode.c.objc; path = FirstViewController.m; sourceTree = "<group>"; };
		AA29712F1B2E78EC00D4FDF9 /* SecondViewController.h */ = {isa = PBXFileReference; lastKnownFileType = sourcecode.c.h; path = SecondViewController.h; sourceTree = "<group>"; };
		AA2971301B2E78EC00D4FDF9 /* SecondViewController.m */ = {isa = PBXFileReference; lastKnownFileType = sourcecode.c.objc; path = SecondViewController.m; sourceTree = "<group>"; };
		AA2971351B2E78EC00D4FDF9 /* Images.xcassets */ = {isa = PBXFileReference; lastKnownFileType = folder.assetcatalog; path = Images.xcassets; sourceTree = "<group>"; };
		AA29713E1B2E78EC00D4FDF9 /* Swat InfoTests.xctest */ = {isa = PBXFileReference; explicitFileType = wrapper.cfbundle; includeInIndex = 0; path = "Swat InfoTests.xctest"; sourceTree = BUILT_PRODUCTS_DIR; };
		AA2971431B2E78EC00D4FDF9 /* Info.plist */ = {isa = PBXFileReference; lastKnownFileType = text.plist.xml; path = Info.plist; sourceTree = "<group>"; };
		AA2971441B2E78EC00D4FDF9 /* Swat_AppTests.m */ = {isa = PBXFileReference; lastKnownFileType = sourcecode.c.objc; path = Swat_AppTests.m; sourceTree = "<group>"; };
		AA4149951B5DFB1000866FFA /* MapViewController.m */ = {isa = PBXFileReference; fileEncoding = 4; lastKnownFileType = sourcecode.c.objc; path = MapViewController.m; sourceTree = "<group>"; };
		AA4149971B5DFB2100866FFA /* MapViewController.h */ = {isa = PBXFileReference; lastKnownFileType = sourcecode.c.h; path = MapViewController.h; sourceTree = "<group>"; };
		AA4F25071B649A0300C4134C /* building.geojson */ = {isa = PBXFileReference; fileEncoding = 4; lastKnownFileType = text; path = building.geojson; sourceTree = "<group>"; };
		AA5C9F811B535D2000928501 /* TransportationViewController.m */ = {isa = PBXFileReference; fileEncoding = 4; lastKnownFileType = sourcecode.c.objc; path = TransportationViewController.m; sourceTree = "<group>"; };
		AA5C9F831B535D3100928501 /* TransportationViewController.h */ = {isa = PBXFileReference; lastKnownFileType = sourcecode.c.h; path = TransportationViewController.h; sourceTree = "<group>"; };
		AA5F2D461B7C322C00AFFA76 /* Info-50.png */ = {isa = PBXFileReference; lastKnownFileType = image.png; path = "Info-50.png"; sourceTree = "<group>"; };
		AA5F2D481B7C327300AFFA76 /* Info-32.png */ = {isa = PBXFileReference; lastKnownFileType = image.png; path = "Info-32.png"; sourceTree = "<group>"; };
		AA5F2D4A1B7C359E00AFFA76 /* AboutViewController.h */ = {isa = PBXFileReference; fileEncoding = 4; lastKnownFileType = sourcecode.c.h; path = AboutViewController.h; sourceTree = "<group>"; };
		AA5F2D4B1B7C359E00AFFA76 /* AboutViewController.m */ = {isa = PBXFileReference; fileEncoding = 4; lastKnownFileType = sourcecode.c.objc; path = AboutViewController.m; sourceTree = "<group>"; };
		AA6545A11B5C244D004FC7AD /* MenuViewController.h */ = {isa = PBXFileReference; lastKnownFileType = sourcecode.c.h; path = MenuViewController.h; sourceTree = "<group>"; };
		AA6545A21B5C2467004FC7AD /* MenuViewController.m */ = {isa = PBXFileReference; fileEncoding = 4; lastKnownFileType = sourcecode.c.objc; path = MenuViewController.m; sourceTree = "<group>"; };
		AA871F971B8BACE900D2D16C /* iTunesArtwork.png */ = {isa = PBXFileReference; lastKnownFileType = image.png; path = iTunesArtwork.png; sourceTree = "<group>"; };
		AA871F991B8BC15900D2D16C /* LaunchScreen.storyboard */ = {isa = PBXFileReference; fileEncoding = 4; lastKnownFileType = file.storyboard; name = LaunchScreen.storyboard; path = ../LaunchScreen.storyboard; sourceTree = "<group>"; };
		AA90F1031B65DBE000F521F1 /* Train-50.png */ = {isa = PBXFileReference; lastKnownFileType = image.png; path = "Train-50.png"; sourceTree = "<group>"; };
		AA90F1051B65E0A300F521F1 /* Calendar-50.png */ = {isa = PBXFileReference; lastKnownFileType = image.png; path = "Calendar-50.png"; sourceTree = "<group>"; };
		AA90F1071B65E0AA00F521F1 /* High-Importance-50.png */ = {isa = PBXFileReference; lastKnownFileType = image.png; path = "High-Importance-50.png"; sourceTree = "<group>"; };
		AA90F1091B65E0AF00F521F1 /* Clock-50.png */ = {isa = PBXFileReference; lastKnownFileType = image.png; path = "Clock-50.png"; sourceTree = "<group>"; };
		AA90F10B1B65E0B500F521F1 /* Restaurant-50.png */ = {isa = PBXFileReference; lastKnownFileType = image.png; path = "Restaurant-50.png"; sourceTree = "<group>"; };
		AAB46A121B8594E9006FCB01 /* path.geojson */ = {isa = PBXFileReference; fileEncoding = 4; lastKnownFileType = text; path = path.geojson; sourceTree = "<group>"; };
		AAC7FCCA1B7AA5FD00CF3227 /* HoursTableViewController.h */ = {isa = PBXFileReference; fileEncoding = 4; lastKnownFileType = sourcecode.c.h; path = HoursTableViewController.h; sourceTree = "<group>"; };
		AAC7FCCB1B7AA5FD00CF3227 /* HoursTableViewController.m */ = {isa = PBXFileReference; fileEncoding = 4; lastKnownFileType = sourcecode.c.objc; path = HoursTableViewController.m; sourceTree = "<group>"; };
		AAC7FCCF1B7AEA3100CF3227 /* all-buildings.csv */ = {isa = PBXFileReference; fileEncoding = 4; lastKnownFileType = text; path = "all-buildings.csv"; sourceTree = "<group>"; };
		AACA3FCB1B8BF6780024A150 /* Main.storyboard */ = {isa = PBXFileReference; fileEncoding = 4; lastKnownFileType = file.storyboard; path = Main.storyboard; sourceTree = "<group>"; };
		AACFD2341B646E8000DDED74 /* Default-568h@2x.png */ = {isa = PBXFileReference; lastKnownFileType = image.png; path = "Default-568h@2x.png"; sourceTree = "<group>"; };
		AAD43E5F1B6E8E21004670B2 /* EmergencyViewController.h */ = {isa = PBXFileReference; lastKnownFileType = sourcecode.c.h; path = EmergencyViewController.h; sourceTree = "<group>"; };
		AAD43E601B6E8E30004670B2 /* EmergencyViewController.m */ = {isa = PBXFileReference; fileEncoding = 4; lastKnownFileType = sourcecode.c.objc; path = EmergencyViewController.m; sourceTree = "<group>"; };
		AAD43E621B6EDC4A004670B2 /* Calendar-32.png */ = {isa = PBXFileReference; lastKnownFileType = image.png; path = "Calendar-32.png"; sourceTree = "<group>"; };
/* End PBXFileReference section */

/* Begin PBXFrameworksBuildPhase section */
		AA29711F1B2E78EB00D4FDF9 /* Frameworks */ = {
			isa = PBXFrameworksBuildPhase;
			buildActionMask = 2147483647;
			files = (
				26A632C2A96FF4E98D48527E /* libPods.a in Frameworks */,
			);
			runOnlyForDeploymentPostprocessing = 0;
		};
		AA29713B1B2E78EC00D4FDF9 /* Frameworks */ = {
			isa = PBXFrameworksBuildPhase;
			buildActionMask = 2147483647;
			files = (
			);
			runOnlyForDeploymentPostprocessing = 0;
		};
/* End PBXFrameworksBuildPhase section */

/* Begin PBXGroup section */
		0C379555C11EE1ECEAC3B1C9 /* Frameworks */ = {
			isa = PBXGroup;
			children = (
				6C4165E1CBB319EEE2A7A168 /* libPods.a */,
			);
			name = Frameworks;
			sourceTree = "<group>";
		};
		AA2971191B2E78EA00D4FDF9 = {
			isa = PBXGroup;
			children = (
				AA0D19C81B8C08EB0020607E /* PrefixHeader.pch */,
				AA871F971B8BACE900D2D16C /* iTunesArtwork.png */,
				AACFD2341B646E8000DDED74 /* Default-568h@2x.png */,
				AA2971241B2E78EB00D4FDF9 /* Swat App */,
				AA2971411B2E78EC00D4FDF9 /* Swat AppTests */,
				AA2971231B2E78EB00D4FDF9 /* Products */,
				E058DD5A1300240B38C43E90 /* Pods */,
				0C379555C11EE1ECEAC3B1C9 /* Frameworks */,
			);
			sourceTree = "<group>";
		};
		AA2971231B2E78EB00D4FDF9 /* Products */ = {
			isa = PBXGroup;
			children = (
				AA2971221B2E78EB00D4FDF9 /* Swat Info.app */,
				AA29713E1B2E78EC00D4FDF9 /* Swat InfoTests.xctest */,
			);
			name = Products;
			sourceTree = "<group>";
		};
		AA2971241B2E78EB00D4FDF9 /* Swat App */ = {
			isa = PBXGroup;
			children = (
				AA90F1031B65DBE000F521F1 /* Train-50.png */,
				AA90F1071B65E0AA00F521F1 /* High-Importance-50.png */,
				AA90F10B1B65E0B500F521F1 /* Restaurant-50.png */,
				AA90F1091B65E0AF00F521F1 /* Clock-50.png */,
				AA90F1051B65E0A300F521F1 /* Calendar-50.png */,
				AA5F2D461B7C322C00AFFA76 /* Info-50.png */,
				AA5F2D481B7C327300AFFA76 /* Info-32.png */,
				AAD43E621B6EDC4A004670B2 /* Calendar-32.png */,
				AA2971291B2E78EB00D4FDF9 /* AppDelegate.h */,
				AA29712A1B2E78EB00D4FDF9 /* AppDelegate.m */,
				AA29712C1B2E78EB00D4FDF9 /* FirstViewController.h */,
				AA29712D1B2E78EC00D4FDF9 /* FirstViewController.m */,
				AAD43E5F1B6E8E21004670B2 /* EmergencyViewController.h */,
				AAD43E601B6E8E30004670B2 /* EmergencyViewController.m */,
				AAC7FCCA1B7AA5FD00CF3227 /* HoursTableViewController.h */,
				AAC7FCCB1B7AA5FD00CF3227 /* HoursTableViewController.m */,
				AA5C9F831B535D3100928501 /* TransportationViewController.h */,
				AA5C9F811B535D2000928501 /* TransportationViewController.m */,
				AA6545A11B5C244D004FC7AD /* MenuViewController.h */,
				AA6545A21B5C2467004FC7AD /* MenuViewController.m */,
				AA29712F1B2E78EC00D4FDF9 /* SecondViewController.h */,
				AA2971301B2E78EC00D4FDF9 /* SecondViewController.m */,
				AA06F89F1B38F202000FECF5 /* DetailTableViewController.h */,
				AA06F89D1B38F1F2000FECF5 /* DetailTableViewController.m */,
				AA4149971B5DFB2100866FFA /* MapViewController.h */,
				AA4149951B5DFB1000866FFA /* MapViewController.m */,
				AA5F2D4A1B7C359E00AFFA76 /* AboutViewController.h */,
				AA5F2D4B1B7C359E00AFFA76 /* AboutViewController.m */,
				AACA3FCB1B8BF6780024A150 /* Main.storyboard */,
				AA871F991B8BC15900D2D16C /* LaunchScreen.storyboard */,
				AAC7FCCF1B7AEA3100CF3227 /* all-buildings.csv */,
				AA4F25071B649A0300C4134C /* building.geojson */,
				AAB46A121B8594E9006FCB01 /* path.geojson */,
				AA2971351B2E78EC00D4FDF9 /* Images.xcassets */,
				AA2971251B2E78EB00D4FDF9 /* Supporting Files */,
			);
			path = "Swat App";
			sourceTree = "<group>";
		};
		AA2971251B2E78EB00D4FDF9 /* Supporting Files */ = {
			isa = PBXGroup;
			children = (
				AA2971261B2E78EB00D4FDF9 /* Info.plist */,
				AA2971271B2E78EB00D4FDF9 /* main.m */,
			);
			name = "Supporting Files";
			sourceTree = "<group>";
		};
		AA2971411B2E78EC00D4FDF9 /* Swat AppTests */ = {
			isa = PBXGroup;
			children = (
				AA2971441B2E78EC00D4FDF9 /* Swat_AppTests.m */,
				AA2971421B2E78EC00D4FDF9 /* Supporting Files */,
			);
			path = "Swat AppTests";
			sourceTree = "<group>";
		};
		AA2971421B2E78EC00D4FDF9 /* Supporting Files */ = {
			isa = PBXGroup;
			children = (
				AA2971431B2E78EC00D4FDF9 /* Info.plist */,
			);
			name = "Supporting Files";
			sourceTree = "<group>";
		};
		E058DD5A1300240B38C43E90 /* Pods */ = {
			isa = PBXGroup;
			children = (
				257BDEDF80226F973B799FA2 /* Pods.debug.xcconfig */,
				70F3B3E436FF15CF785521E7 /* Pods.release.xcconfig */,
			);
			name = Pods;
			sourceTree = "<group>";
		};
/* End PBXGroup section */

/* Begin PBXNativeTarget section */
		AA2971211B2E78EB00D4FDF9 /* Swat Info */ = {
			isa = PBXNativeTarget;
			buildConfigurationList = AA2971481B2E78EC00D4FDF9 /* Build configuration list for PBXNativeTarget "Swat Info" */;
			buildPhases = (
				EF3C6ABED9F8049A24884D24 /* Check Pods Manifest.lock */,
				AA29711E1B2E78EB00D4FDF9 /* Sources */,
				AA29711F1B2E78EB00D4FDF9 /* Frameworks */,
				AA2971201B2E78EB00D4FDF9 /* Resources */,
				1407ECC0982E849928D05D61 /* Copy Pods Resources */,
			);
			buildRules = (
			);
			dependencies = (
			);
			name = "Swat Info";
			productName = "Swat App";
			productReference = AA2971221B2E78EB00D4FDF9 /* Swat Info.app */;
			productType = "com.apple.product-type.application";
		};
		AA29713D1B2E78EC00D4FDF9 /* Swat InfoTests */ = {
			isa = PBXNativeTarget;
			buildConfigurationList = AA29714B1B2E78EC00D4FDF9 /* Build configuration list for PBXNativeTarget "Swat InfoTests" */;
			buildPhases = (
				AA29713A1B2E78EC00D4FDF9 /* Sources */,
				AA29713B1B2E78EC00D4FDF9 /* Frameworks */,
				AA29713C1B2E78EC00D4FDF9 /* Resources */,
			);
			buildRules = (
			);
			dependencies = (
				AA2971401B2E78EC00D4FDF9 /* PBXTargetDependency */,
			);
			name = "Swat InfoTests";
			productName = "Swat AppTests";
			productReference = AA29713E1B2E78EC00D4FDF9 /* Swat InfoTests.xctest */;
			productType = "com.apple.product-type.bundle.unit-test";
		};
/* End PBXNativeTarget section */

/* Begin PBXProject section */
		AA29711A1B2E78EA00D4FDF9 /* Project object */ = {
			isa = PBXProject;
			attributes = {
				LastUpgradeCheck = 0630;
				ORGANIZATIONNAME = "Steve Jaoudi";
				TargetAttributes = {
					AA2971211B2E78EB00D4FDF9 = {
						CreatedOnToolsVersion = 6.3.2;
						DevelopmentTeam = 7C445VL2ZS;
						SystemCapabilities = {
							com.apple.BackgroundModes = {
								enabled = 0;
							};
						};
					};
					AA29713D1B2E78EC00D4FDF9 = {
						CreatedOnToolsVersion = 6.3.2;
						TestTargetID = AA2971211B2E78EB00D4FDF9;
					};
				};
			};
			buildConfigurationList = AA29711D1B2E78EA00D4FDF9 /* Build configuration list for PBXProject "Swat Info" */;
			compatibilityVersion = "Xcode 3.2";
			developmentRegion = English;
			hasScannedForEncodings = 0;
			knownRegions = (
				en,
				Base,
			);
			mainGroup = AA2971191B2E78EA00D4FDF9;
			productRefGroup = AA2971231B2E78EB00D4FDF9 /* Products */;
			projectDirPath = "";
			projectRoot = "";
			targets = (
				AA2971211B2E78EB00D4FDF9 /* Swat Info */,
				AA29713D1B2E78EC00D4FDF9 /* Swat InfoTests */,
			);
		};
/* End PBXProject section */

/* Begin PBXResourcesBuildPhase section */
		AA2971201B2E78EB00D4FDF9 /* Resources */ = {
			isa = PBXResourcesBuildPhase;
			buildActionMask = 2147483647;
			files = (
				AA90F1041B65DBE000F521F1 /* Train-50.png in Resources */,
				AAD43E631B6EDC4A004670B2 /* Calendar-32.png in Resources */,
				AA90F1061B65E0A300F521F1 /* Calendar-50.png in Resources */,
				AA871F981B8BACE900D2D16C /* iTunesArtwork.png in Resources */,
				AA90F10A1B65E0AF00F521F1 /* Clock-50.png in Resources */,
				AA5F2D471B7C322C00AFFA76 /* Info-50.png in Resources */,
				AACA3FCC1B8BF6780024A150 /* Main.storyboard in Resources */,
				AA5F2D491B7C327300AFFA76 /* Info-32.png in Resources */,
				AA4F25081B649A0300C4134C /* building.geojson in Resources */,
				AA871F9A1B8BC15900D2D16C /* LaunchScreen.storyboard in Resources */,
				AA90F1081B65E0AA00F521F1 /* High-Importance-50.png in Resources */,
				AA90F10C1B65E0B500F521F1 /* Restaurant-50.png in Resources */,
				AAB46A131B8594E9006FCB01 /* path.geojson in Resources */,
				AA2971361B2E78EC00D4FDF9 /* Images.xcassets in Resources */,
				AACFD2351B646E8000DDED74 /* Default-568h@2x.png in Resources */,
				AAC7FCD01B7AEA3100CF3227 /* all-buildings.csv in Resources */,
			);
			runOnlyForDeploymentPostprocessing = 0;
		};
		AA29713C1B2E78EC00D4FDF9 /* Resources */ = {
			isa = PBXResourcesBuildPhase;
			buildActionMask = 2147483647;
			files = (
			);
			runOnlyForDeploymentPostprocessing = 0;
		};
/* End PBXResourcesBuildPhase section */

/* Begin PBXShellScriptBuildPhase section */
		1407ECC0982E849928D05D61 /* Copy Pods Resources */ = {
			isa = PBXShellScriptBuildPhase;
			buildActionMask = 2147483647;
			files = (
			);
			inputPaths = (
			);
			name = "Copy Pods Resources";
			outputPaths = (
			);
			runOnlyForDeploymentPostprocessing = 0;
			shellPath = /bin/sh;
			shellScript = "\"${SRCROOT}/Pods/Target Support Files/Pods/Pods-resources.sh\"\n";
			showEnvVarsInLog = 0;
		};
		EF3C6ABED9F8049A24884D24 /* Check Pods Manifest.lock */ = {
			isa = PBXShellScriptBuildPhase;
			buildActionMask = 2147483647;
			files = (
			);
			inputPaths = (
			);
			name = "Check Pods Manifest.lock";
			outputPaths = (
			);
			runOnlyForDeploymentPostprocessing = 0;
			shellPath = /bin/sh;
			shellScript = "diff \"${PODS_ROOT}/../Podfile.lock\" \"${PODS_ROOT}/Manifest.lock\" > /dev/null\nif [[ $? != 0 ]] ; then\n    cat << EOM\nerror: The sandbox is not in sync with the Podfile.lock. Run 'pod install' or update your CocoaPods installation.\nEOM\n    exit 1\nfi\n";
			showEnvVarsInLog = 0;
		};
/* End PBXShellScriptBuildPhase section */

/* Begin PBXSourcesBuildPhase section */
		AA29711E1B2E78EB00D4FDF9 /* Sources */ = {
			isa = PBXSourcesBuildPhase;
			buildActionMask = 2147483647;
			files = (
				AA06F89E1B38F1F2000FECF5 /* DetailTableViewController.m in Sources */,
				AA2971311B2E78EC00D4FDF9 /* SecondViewController.m in Sources */,
				AA29712B1B2E78EB00D4FDF9 /* AppDelegate.m in Sources */,
				AA4149961B5DFB1000866FFA /* MapViewController.m in Sources */,
				AAD43E611B6E8E30004670B2 /* EmergencyViewController.m in Sources */,
				AA6545A31B5C2467004FC7AD /* MenuViewController.m in Sources */,
				AA5F2D4C1B7C359E00AFFA76 /* AboutViewController.m in Sources */,
				AA29712E1B2E78EC00D4FDF9 /* FirstViewController.m in Sources */,
				AA5C9F821B535D2000928501 /* TransportationViewController.m in Sources */,
				AA2971281B2E78EB00D4FDF9 /* main.m in Sources */,
				AAC7FCCC1B7AA5FD00CF3227 /* HoursTableViewController.m in Sources */,
			);
			runOnlyForDeploymentPostprocessing = 0;
		};
		AA29713A1B2E78EC00D4FDF9 /* Sources */ = {
			isa = PBXSourcesBuildPhase;
			buildActionMask = 2147483647;
			files = (
				AA2971451B2E78EC00D4FDF9 /* Swat_AppTests.m in Sources */,
			);
			runOnlyForDeploymentPostprocessing = 0;
		};
/* End PBXSourcesBuildPhase section */

/* Begin PBXTargetDependency section */
		AA2971401B2E78EC00D4FDF9 /* PBXTargetDependency */ = {
			isa = PBXTargetDependency;
			target = AA2971211B2E78EB00D4FDF9 /* Swat Info */;
			targetProxy = AA29713F1B2E78EC00D4FDF9 /* PBXContainerItemProxy */;
		};
/* End PBXTargetDependency section */

/* Begin XCBuildConfiguration section */
		AA2971461B2E78EC00D4FDF9 /* Debug */ = {
			isa = XCBuildConfiguration;
			buildSettings = {
				ALWAYS_SEARCH_USER_PATHS = NO;
				CLANG_CXX_LANGUAGE_STANDARD = "gnu++0x";
				CLANG_CXX_LIBRARY = "libc++";
				CLANG_ENABLE_MODULES = YES;
				CLANG_ENABLE_OBJC_ARC = YES;
				CLANG_WARN_BOOL_CONVERSION = YES;
				CLANG_WARN_CONSTANT_CONVERSION = YES;
				CLANG_WARN_DIRECT_OBJC_ISA_USAGE = YES_ERROR;
				CLANG_WARN_EMPTY_BODY = YES;
				CLANG_WARN_ENUM_CONVERSION = YES;
				CLANG_WARN_INT_CONVERSION = YES;
				CLANG_WARN_OBJC_ROOT_CLASS = YES_ERROR;
				CLANG_WARN_UNREACHABLE_CODE = YES;
				CLANG_WARN__DUPLICATE_METHOD_MATCH = YES;
				"CODE_SIGN_IDENTITY[sdk=iphoneos*]" = "iPhone Developer";
				COPY_PHASE_STRIP = NO;
				DEBUG_INFORMATION_FORMAT = "dwarf-with-dsym";
				ENABLE_STRICT_OBJC_MSGSEND = YES;
				GCC_C_LANGUAGE_STANDARD = gnu99;
				GCC_DYNAMIC_NO_PIC = NO;
				GCC_NO_COMMON_BLOCKS = YES;
				GCC_OPTIMIZATION_LEVEL = 0;
				GCC_PREPROCESSOR_DEFINITIONS = (
					"DEBUG=1",
					"$(inherited)",
				);
				GCC_SYMBOLS_PRIVATE_EXTERN = NO;
				GCC_WARN_64_TO_32_BIT_CONVERSION = YES;
				GCC_WARN_ABOUT_RETURN_TYPE = YES_ERROR;
				GCC_WARN_UNDECLARED_SELECTOR = YES;
				GCC_WARN_UNINITIALIZED_AUTOS = YES_AGGRESSIVE;
				GCC_WARN_UNUSED_FUNCTION = YES;
				GCC_WARN_UNUSED_VARIABLE = YES;
				IPHONEOS_DEPLOYMENT_TARGET = 8.3;
				MTL_ENABLE_DEBUG_INFO = YES;
				ONLY_ACTIVE_ARCH = YES;
				SDKROOT = iphoneos;
				SKIP_INSTALL = NO;
			};
			name = Debug;
		};
		AA2971471B2E78EC00D4FDF9 /* Release */ = {
			isa = XCBuildConfiguration;
			buildSettings = {
				ALWAYS_SEARCH_USER_PATHS = NO;
				CLANG_CXX_LANGUAGE_STANDARD = "gnu++0x";
				CLANG_CXX_LIBRARY = "libc++";
				CLANG_ENABLE_MODULES = YES;
				CLANG_ENABLE_OBJC_ARC = YES;
				CLANG_WARN_BOOL_CONVERSION = YES;
				CLANG_WARN_CONSTANT_CONVERSION = YES;
				CLANG_WARN_DIRECT_OBJC_ISA_USAGE = YES_ERROR;
				CLANG_WARN_EMPTY_BODY = YES;
				CLANG_WARN_ENUM_CONVERSION = YES;
				CLANG_WARN_INT_CONVERSION = YES;
				CLANG_WARN_OBJC_ROOT_CLASS = YES_ERROR;
				CLANG_WARN_UNREACHABLE_CODE = YES;
				CLANG_WARN__DUPLICATE_METHOD_MATCH = YES;
				"CODE_SIGN_IDENTITY[sdk=iphoneos*]" = "iPhone Developer";
				COPY_PHASE_STRIP = NO;
				DEBUG_INFORMATION_FORMAT = "dwarf-with-dsym";
				ENABLE_NS_ASSERTIONS = NO;
				ENABLE_STRICT_OBJC_MSGSEND = YES;
				GCC_C_LANGUAGE_STANDARD = gnu99;
				GCC_NO_COMMON_BLOCKS = YES;
				GCC_WARN_64_TO_32_BIT_CONVERSION = YES;
				GCC_WARN_ABOUT_RETURN_TYPE = YES_ERROR;
				GCC_WARN_UNDECLARED_SELECTOR = YES;
				GCC_WARN_UNINITIALIZED_AUTOS = YES_AGGRESSIVE;
				GCC_WARN_UNUSED_FUNCTION = YES;
				GCC_WARN_UNUSED_VARIABLE = YES;
				IPHONEOS_DEPLOYMENT_TARGET = 8.3;
				MTL_ENABLE_DEBUG_INFO = NO;
				SDKROOT = iphoneos;
				SKIP_INSTALL = NO;
				VALIDATE_PRODUCT = YES;
			};
			name = Release;
		};
		AA2971491B2E78EC00D4FDF9 /* Debug */ = {
			isa = XCBuildConfiguration;
			baseConfigurationReference = 257BDEDF80226F973B799FA2 /* Pods.debug.xcconfig */;
			buildSettings = {
				ASSETCATALOG_COMPILER_APPICON_NAME = AppIcon;
				CODE_SIGN_IDENTITY = "iPhone Distribution: Stephen Jaoudi (7C445VL2ZS)";
				"CODE_SIGN_IDENTITY[sdk=iphoneos*]" = "iPhone Developer";
				ENABLE_BITCODE = NO;
				GCC_PRECOMPILE_PREFIX_HEADER = YES;
				GCC_PREFIX_HEADER = PrefixHeader.pch;
				INFOPLIST_FILE = "/Users/Steve/Desktop/Swat-App/Swat App/Info.plist";
				IPHONEOS_DEPLOYMENT_TARGET = 9.0;
				LD_RUNPATH_SEARCH_PATHS = "$(inherited) @executable_path/Frameworks";
				PRODUCT_NAME = "Swat Info";
				PROVISIONING_PROFILE = "";
				SKIP_INSTALL = NO;
			};
			name = Debug;
		};
		AA29714A1B2E78EC00D4FDF9 /* Release */ = {
			isa = XCBuildConfiguration;
			baseConfigurationReference = 70F3B3E436FF15CF785521E7 /* Pods.release.xcconfig */;
			buildSettings = {
				ASSETCATALOG_COMPILER_APPICON_NAME = AppIcon;
				CODE_SIGN_IDENTITY = "iPhone Distribution: Stephen Jaoudi (7C445VL2ZS)";
				"CODE_SIGN_IDENTITY[sdk=iphoneos*]" = "iPhone Developer";
				ENABLE_BITCODE = NO;
				GCC_PRECOMPILE_PREFIX_HEADER = YES;
				GCC_PREFIX_HEADER = PrefixHeader.pch;
				INFOPLIST_FILE = "/Users/Steve/Desktop/Swat-App/Swat App/Info.plist";
				IPHONEOS_DEPLOYMENT_TARGET = 9.0;
				LD_RUNPATH_SEARCH_PATHS = "$(inherited) @executable_path/Frameworks";
				PRODUCT_NAME = "Swat Info";
				PROVISIONING_PROFILE = "";
				SKIP_INSTALL = NO;
			};
			name = Release;
		};
		AA29714C1B2E78EC00D4FDF9 /* Debug */ = {
			isa = XCBuildConfiguration;
			buildSettings = {
				BUNDLE_LOADER = "$(TEST_HOST)";
				FRAMEWORK_SEARCH_PATHS = (
					"$(SDKROOT)/Developer/Library/Frameworks",
					"$(inherited)",
				);
				GCC_PREPROCESSOR_DEFINITIONS = (
					"DEBUG=1",
					"$(inherited)",
				);
				INFOPLIST_FILE = "Swat AppTests/Info.plist";
				LD_RUNPATH_SEARCH_PATHS = "$(inherited) @executable_path/Frameworks @loader_path/Frameworks";
				PRODUCT_NAME = "Swat InfoTests";
				SKIP_INSTALL = YES;
				TEST_HOST = "$(BUILT_PRODUCTS_DIR)/Swat Info.app/Swat Info";
			};
			name = Debug;
		};
		AA29714D1B2E78EC00D4FDF9 /* Release */ = {
			isa = XCBuildConfiguration;
			buildSettings = {
				BUNDLE_LOADER = "$(TEST_HOST)";
				FRAMEWORK_SEARCH_PATHS = (
					"$(SDKROOT)/Developer/Library/Frameworks",
					"$(inherited)",
				);
				INFOPLIST_FILE = "Swat AppTests/Info.plist";
				LD_RUNPATH_SEARCH_PATHS = "$(inherited) @executable_path/Frameworks @loader_path/Frameworks";
				PRODUCT_NAME = "Swat InfoTests";
				SKIP_INSTALL = YES;
				TEST_HOST = "$(BUILT_PRODUCTS_DIR)/Swat Info.app/Swat Info";
			};
			name = Release;
		};
/* End XCBuildConfiguration section */

/* Begin XCConfigurationList section */
		AA29711D1B2E78EA00D4FDF9 /* Build configuration list for PBXProject "Swat Info" */ = {
			isa = XCConfigurationList;
			buildConfigurations = (
				AA2971461B2E78EC00D4FDF9 /* Debug */,
				AA2971471B2E78EC00D4FDF9 /* Release */,
			);
			defaultConfigurationIsVisible = 0;
			defaultConfigurationName = Release;
		};
		AA2971481B2E78EC00D4FDF9 /* Build configuration list for PBXNativeTarget "Swat Info" */ = {
			isa = XCConfigurationList;
			buildConfigurations = (
				AA2971491B2E78EC00D4FDF9 /* Debug */,
				AA29714A1B2E78EC00D4FDF9 /* Release */,
			);
			defaultConfigurationIsVisible = 0;
			defaultConfigurationName = Release;
		};
		AA29714B1B2E78EC00D4FDF9 /* Build configuration list for PBXNativeTarget "Swat InfoTests" */ = {
			isa = XCConfigurationList;
			buildConfigurations = (
				AA29714C1B2E78EC00D4FDF9 /* Debug */,
				AA29714D1B2E78EC00D4FDF9 /* Release */,
			);
			defaultConfigurationIsVisible = 0;
			defaultConfigurationName = Release;
		};
/* End XCConfigurationList section */
	};
	rootObject = AA29711A1B2E78EA00D4FDF9 /* Project object */;
}
